// !$*UTF8*$!
{
	archiveVersion = 1;
	classes = {
	};
	objectVersion = 46;
	objects = {

/* Begin PBXBuildFile section */
		81F91E631E9B47370092E868 /* main.cpp in Sources */ = {isa = PBXBuildFile; fileRef = 81F91E621E9B47370092E868 /* main.cpp */; };
		81F91E9B1E9B47D50092E868 /* libopencv_videostab.3.2.0.dylib in Frameworks */ = {isa = PBXBuildFile; fileRef = 81F91E6B1E9B47D50092E868 /* libopencv_videostab.3.2.0.dylib */; };
		81F91E9C1E9B47D50092E868 /* libopencv_videostab.3.2.0.dylib in Frameworks */ = {isa = PBXBuildFile; fileRef = 81F91E6C1E9B47D50092E868 /* libopencv_videostab.3.2.0.dylib */; };
		81F91E9D1E9B47D50092E868 /* libopencv_videostab.3.2.0.dylib in Frameworks */ = {isa = PBXBuildFile; fileRef = 81F91E6D1E9B47D50092E868 /* libopencv_videostab.3.2.0.dylib */; };
		81F91E9E1E9B47D50092E868 /* libopencv_videoio.3.2.0.dylib in Frameworks */ = {isa = PBXBuildFile; fileRef = 81F91E6E1E9B47D50092E868 /* libopencv_videoio.3.2.0.dylib */; };
		81F91E9F1E9B47D50092E868 /* libopencv_videoio.3.2.0.dylib in Frameworks */ = {isa = PBXBuildFile; fileRef = 81F91E6F1E9B47D50092E868 /* libopencv_videoio.3.2.0.dylib */; };
		81F91EA01E9B47D50092E868 /* libopencv_videoio.3.2.0.dylib in Frameworks */ = {isa = PBXBuildFile; fileRef = 81F91E701E9B47D50092E868 /* libopencv_videoio.3.2.0.dylib */; };
		81F91EA11E9B47D50092E868 /* libopencv_video.3.2.0.dylib in Frameworks */ = {isa = PBXBuildFile; fileRef = 81F91E711E9B47D50092E868 /* libopencv_video.3.2.0.dylib */; };
		81F91EA21E9B47D50092E868 /* libopencv_video.3.2.0.dylib in Frameworks */ = {isa = PBXBuildFile; fileRef = 81F91E721E9B47D50092E868 /* libopencv_video.3.2.0.dylib */; };
		81F91EA31E9B47D50092E868 /* libopencv_video.3.2.0.dylib in Frameworks */ = {isa = PBXBuildFile; fileRef = 81F91E731E9B47D50092E868 /* libopencv_video.3.2.0.dylib */; };
		81F91EA41E9B47D50092E868 /* libopencv_superres.3.2.0.dylib in Frameworks */ = {isa = PBXBuildFile; fileRef = 81F91E741E9B47D50092E868 /* libopencv_superres.3.2.0.dylib */; };
		81F91EA51E9B47D50092E868 /* libopencv_superres.3.2.0.dylib in Frameworks */ = {isa = PBXBuildFile; fileRef = 81F91E751E9B47D50092E868 /* libopencv_superres.3.2.0.dylib */; };
		81F91EA61E9B47D50092E868 /* libopencv_superres.3.2.0.dylib in Frameworks */ = {isa = PBXBuildFile; fileRef = 81F91E761E9B47D50092E868 /* libopencv_superres.3.2.0.dylib */; };
		81F91EA71E9B47D50092E868 /* libopencv_stitching.3.2.0.dylib in Frameworks */ = {isa = PBXBuildFile; fileRef = 81F91E771E9B47D50092E868 /* libopencv_stitching.3.2.0.dylib */; };
		81F91EA81E9B47D50092E868 /* libopencv_stitching.3.2.0.dylib in Frameworks */ = {isa = PBXBuildFile; fileRef = 81F91E781E9B47D50092E868 /* libopencv_stitching.3.2.0.dylib */; };
		81F91EA91E9B47D50092E868 /* libopencv_stitching.3.2.0.dylib in Frameworks */ = {isa = PBXBuildFile; fileRef = 81F91E791E9B47D50092E868 /* libopencv_stitching.3.2.0.dylib */; };
		81F91EAA1E9B47D50092E868 /* libopencv_shape.3.2.0.dylib in Frameworks */ = {isa = PBXBuildFile; fileRef = 81F91E7A1E9B47D50092E868 /* libopencv_shape.3.2.0.dylib */; };
		81F91EAB1E9B47D50092E868 /* libopencv_shape.3.2.0.dylib in Frameworks */ = {isa = PBXBuildFile; fileRef = 81F91E7B1E9B47D50092E868 /* libopencv_shape.3.2.0.dylib */; };
		81F91EAC1E9B47D50092E868 /* libopencv_shape.3.2.0.dylib in Frameworks */ = {isa = PBXBuildFile; fileRef = 81F91E7C1E9B47D50092E868 /* libopencv_shape.3.2.0.dylib */; };
		81F91EAD1E9B47D50092E868 /* libopencv_photo.3.2.0.dylib in Frameworks */ = {isa = PBXBuildFile; fileRef = 81F91E7D1E9B47D50092E868 /* libopencv_photo.3.2.0.dylib */; };
		81F91EAE1E9B47D50092E868 /* libopencv_photo.3.2.0.dylib in Frameworks */ = {isa = PBXBuildFile; fileRef = 81F91E7E1E9B47D50092E868 /* libopencv_photo.3.2.0.dylib */; };
		81F91EAF1E9B47D50092E868 /* libopencv_photo.3.2.0.dylib in Frameworks */ = {isa = PBXBuildFile; fileRef = 81F91E7F1E9B47D50092E868 /* libopencv_photo.3.2.0.dylib */; };
		81F91EB01E9B47D50092E868 /* libopencv_objdetect.3.2.0.dylib in Frameworks */ = {isa = PBXBuildFile; fileRef = 81F91E801E9B47D50092E868 /* libopencv_objdetect.3.2.0.dylib */; };
		81F91EB11E9B47D50092E868 /* libopencv_objdetect.3.2.0.dylib in Frameworks */ = {isa = PBXBuildFile; fileRef = 81F91E811E9B47D50092E868 /* libopencv_objdetect.3.2.0.dylib */; };
		81F91EB21E9B47D50092E868 /* libopencv_objdetect.3.2.0.dylib in Frameworks */ = {isa = PBXBuildFile; fileRef = 81F91E821E9B47D50092E868 /* libopencv_objdetect.3.2.0.dylib */; };
		81F91EB31E9B47D50092E868 /* libopencv_ml.3.2.0.dylib in Frameworks */ = {isa = PBXBuildFile; fileRef = 81F91E831E9B47D50092E868 /* libopencv_ml.3.2.0.dylib */; };
		81F91EB41E9B47D50092E868 /* libopencv_ml.3.2.0.dylib in Frameworks */ = {isa = PBXBuildFile; fileRef = 81F91E841E9B47D50092E868 /* libopencv_ml.3.2.0.dylib */; };
		81F91EB51E9B47D50092E868 /* libopencv_ml.3.2.0.dylib in Frameworks */ = {isa = PBXBuildFile; fileRef = 81F91E851E9B47D50092E868 /* libopencv_ml.3.2.0.dylib */; };
		81F91EB61E9B47D50092E868 /* libopencv_imgproc.3.2.0.dylib in Frameworks */ = {isa = PBXBuildFile; fileRef = 81F91E861E9B47D50092E868 /* libopencv_imgproc.3.2.0.dylib */; };
		81F91EB71E9B47D50092E868 /* libopencv_imgproc.3.2.0.dylib in Frameworks */ = {isa = PBXBuildFile; fileRef = 81F91E871E9B47D50092E868 /* libopencv_imgproc.3.2.0.dylib */; };
		81F91EB81E9B47D50092E868 /* libopencv_imgproc.3.2.0.dylib in Frameworks */ = {isa = PBXBuildFile; fileRef = 81F91E881E9B47D50092E868 /* libopencv_imgproc.3.2.0.dylib */; };
		81F91EB91E9B47D50092E868 /* libopencv_imgcodecs.3.2.0.dylib in Frameworks */ = {isa = PBXBuildFile; fileRef = 81F91E891E9B47D50092E868 /* libopencv_imgcodecs.3.2.0.dylib */; };
		81F91EBA1E9B47D50092E868 /* libopencv_imgcodecs.3.2.0.dylib in Frameworks */ = {isa = PBXBuildFile; fileRef = 81F91E8A1E9B47D50092E868 /* libopencv_imgcodecs.3.2.0.dylib */; };
		81F91EBB1E9B47D50092E868 /* libopencv_imgcodecs.3.2.0.dylib in Frameworks */ = {isa = PBXBuildFile; fileRef = 81F91E8B1E9B47D50092E868 /* libopencv_imgcodecs.3.2.0.dylib */; };
		81F91EBC1E9B47D50092E868 /* libopencv_highgui.3.2.0.dylib in Frameworks */ = {isa = PBXBuildFile; fileRef = 81F91E8C1E9B47D50092E868 /* libopencv_highgui.3.2.0.dylib */; };
		81F91EBD1E9B47D50092E868 /* libopencv_highgui.3.2.0.dylib in Frameworks */ = {isa = PBXBuildFile; fileRef = 81F91E8D1E9B47D50092E868 /* libopencv_highgui.3.2.0.dylib */; };
		81F91EBE1E9B47D50092E868 /* libopencv_highgui.3.2.0.dylib in Frameworks */ = {isa = PBXBuildFile; fileRef = 81F91E8E1E9B47D50092E868 /* libopencv_highgui.3.2.0.dylib */; };
		81F91EBF1E9B47D50092E868 /* libopencv_flann.3.2.0.dylib in Frameworks */ = {isa = PBXBuildFile; fileRef = 81F91E8F1E9B47D50092E868 /* libopencv_flann.3.2.0.dylib */; };
		81F91EC01E9B47D50092E868 /* libopencv_flann.3.2.0.dylib in Frameworks */ = {isa = PBXBuildFile; fileRef = 81F91E901E9B47D50092E868 /* libopencv_flann.3.2.0.dylib */; };
		81F91EC11E9B47D50092E868 /* libopencv_flann.3.2.0.dylib in Frameworks */ = {isa = PBXBuildFile; fileRef = 81F91E911E9B47D50092E868 /* libopencv_flann.3.2.0.dylib */; };
		81F91EC21E9B47D50092E868 /* libopencv_features2d.3.2.0.dylib in Frameworks */ = {isa = PBXBuildFile; fileRef = 81F91E921E9B47D50092E868 /* libopencv_features2d.3.2.0.dylib */; };
		81F91EC31E9B47D50092E868 /* libopencv_features2d.3.2.0.dylib in Frameworks */ = {isa = PBXBuildFile; fileRef = 81F91E931E9B47D50092E868 /* libopencv_features2d.3.2.0.dylib */; };
		81F91EC41E9B47D50092E868 /* libopencv_features2d.3.2.0.dylib in Frameworks */ = {isa = PBXBuildFile; fileRef = 81F91E941E9B47D50092E868 /* libopencv_features2d.3.2.0.dylib */; };
		81F91EC51E9B47D50092E868 /* libopencv_core.3.2.0.dylib in Frameworks */ = {isa = PBXBuildFile; fileRef = 81F91E951E9B47D50092E868 /* libopencv_core.3.2.0.dylib */; };
		81F91EC61E9B47D50092E868 /* libopencv_core.3.2.0.dylib in Frameworks */ = {isa = PBXBuildFile; fileRef = 81F91E961E9B47D50092E868 /* libopencv_core.3.2.0.dylib */; };
		81F91EC71E9B47D50092E868 /* libopencv_core.3.2.0.dylib in Frameworks */ = {isa = PBXBuildFile; fileRef = 81F91E971E9B47D50092E868 /* libopencv_core.3.2.0.dylib */; };
		81F91EC81E9B47D50092E868 /* libopencv_calib3d.3.2.0.dylib in Frameworks */ = {isa = PBXBuildFile; fileRef = 81F91E981E9B47D50092E868 /* libopencv_calib3d.3.2.0.dylib */; };
		81F91EC91E9B47D50092E868 /* libopencv_calib3d.3.2.0.dylib in Frameworks */ = {isa = PBXBuildFile; fileRef = 81F91E991E9B47D50092E868 /* libopencv_calib3d.3.2.0.dylib */; };
		81F91ECA1E9B47D50092E868 /* libopencv_calib3d.3.2.0.dylib in Frameworks */ = {isa = PBXBuildFile; fileRef = 81F91E9A1E9B47D50092E868 /* libopencv_calib3d.3.2.0.dylib */; };
/* End PBXBuildFile section */

/* Begin PBXCopyFilesBuildPhase section */
		81F91E5D1E9B47370092E868 /* CopyFiles */ = {
			isa = PBXCopyFilesBuildPhase;
			buildActionMask = 2147483647;
			dstPath = /usr/share/man/man1/;
			dstSubfolderSpec = 0;
			files = (
			);
			runOnlyForDeploymentPostprocessing = 1;
		};
/* End PBXCopyFilesBuildPhase section */

/* Begin PBXFileReference section */
		81F91E5F1E9B47370092E868 /* cv playgroud */ = {isa = PBXFileReference; explicitFileType = "compiled.mach-o.executable"; includeInIndex = 0; path = "cv playgroud"; sourceTree = BUILT_PRODUCTS_DIR; };
		81F91E621E9B47370092E868 /* main.cpp */ = {isa = PBXFileReference; lastKnownFileType = sourcecode.cpp.cpp; path = main.cpp; sourceTree = "<group>"; };
		81F91E6B1E9B47D50092E868 /* libopencv_videostab.3.2.0.dylib */ = {isa = PBXFileReference; lastKnownFileType = "compiled.mach-o.dylib"; name = libopencv_videostab.3.2.0.dylib; path = /usr/local/lib/libopencv_videostab.3.2.0.dylib; sourceTree = "<absolute>"; };
		81F91E6C1E9B47D50092E868 /* libopencv_videostab.3.2.0.dylib */ = {isa = PBXFileReference; lastKnownFileType = "compiled.mach-o.dylib"; name = libopencv_videostab.3.2.0.dylib; path = /usr/local/lib/libopencv_videostab.3.2.0.dylib; sourceTree = "<absolute>"; };
		81F91E6D1E9B47D50092E868 /* libopencv_videostab.3.2.0.dylib */ = {isa = PBXFileReference; lastKnownFileType = "compiled.mach-o.dylib"; name = libopencv_videostab.3.2.0.dylib; path = /usr/local/lib/libopencv_videostab.3.2.0.dylib; sourceTree = "<absolute>"; };
		81F91E6E1E9B47D50092E868 /* libopencv_videoio.3.2.0.dylib */ = {isa = PBXFileReference; lastKnownFileType = "compiled.mach-o.dylib"; name = libopencv_videoio.3.2.0.dylib; path = /usr/local/lib/libopencv_videoio.3.2.0.dylib; sourceTree = "<absolute>"; };
		81F91E6F1E9B47D50092E868 /* libopencv_videoio.3.2.0.dylib */ = {isa = PBXFileReference; lastKnownFileType = "compiled.mach-o.dylib"; name = libopencv_videoio.3.2.0.dylib; path = /usr/local/lib/libopencv_videoio.3.2.0.dylib; sourceTree = "<absolute>"; };
		81F91E701E9B47D50092E868 /* libopencv_videoio.3.2.0.dylib */ = {isa = PBXFileReference; lastKnownFileType = "compiled.mach-o.dylib"; name = libopencv_videoio.3.2.0.dylib; path = /usr/local/lib/libopencv_videoio.3.2.0.dylib; sourceTree = "<absolute>"; };
		81F91E711E9B47D50092E868 /* libopencv_video.3.2.0.dylib */ = {isa = PBXFileReference; lastKnownFileType = "compiled.mach-o.dylib"; name = libopencv_video.3.2.0.dylib; path = /usr/local/lib/libopencv_video.3.2.0.dylib; sourceTree = "<absolute>"; };
		81F91E721E9B47D50092E868 /* libopencv_video.3.2.0.dylib */ = {isa = PBXFileReference; lastKnownFileType = "compiled.mach-o.dylib"; name = libopencv_video.3.2.0.dylib; path = /usr/local/lib/libopencv_video.3.2.0.dylib; sourceTree = "<absolute>"; };
		81F91E731E9B47D50092E868 /* libopencv_video.3.2.0.dylib */ = {isa = PBXFileReference; lastKnownFileType = "compiled.mach-o.dylib"; name = libopencv_video.3.2.0.dylib; path = /usr/local/lib/libopencv_video.3.2.0.dylib; sourceTree = "<absolute>"; };
		81F91E741E9B47D50092E868 /* libopencv_superres.3.2.0.dylib */ = {isa = PBXFileReference; lastKnownFileType = "compiled.mach-o.dylib"; name = libopencv_superres.3.2.0.dylib; path = /usr/local/lib/libopencv_superres.3.2.0.dylib; sourceTree = "<absolute>"; };
		81F91E751E9B47D50092E868 /* libopencv_superres.3.2.0.dylib */ = {isa = PBXFileReference; lastKnownFileType = "compiled.mach-o.dylib"; name = libopencv_superres.3.2.0.dylib; path = /usr/local/lib/libopencv_superres.3.2.0.dylib; sourceTree = "<absolute>"; };
		81F91E761E9B47D50092E868 /* libopencv_superres.3.2.0.dylib */ = {isa = PBXFileReference; lastKnownFileType = "compiled.mach-o.dylib"; name = libopencv_superres.3.2.0.dylib; path = /usr/local/lib/libopencv_superres.3.2.0.dylib; sourceTree = "<absolute>"; };
		81F91E771E9B47D50092E868 /* libopencv_stitching.3.2.0.dylib */ = {isa = PBXFileReference; lastKnownFileType = "compiled.mach-o.dylib"; name = libopencv_stitching.3.2.0.dylib; path = /usr/local/lib/libopencv_stitching.3.2.0.dylib; sourceTree = "<absolute>"; };
		81F91E781E9B47D50092E868 /* libopencv_stitching.3.2.0.dylib */ = {isa = PBXFileReference; lastKnownFileType = "compiled.mach-o.dylib"; name = libopencv_stitching.3.2.0.dylib; path = /usr/local/lib/libopencv_stitching.3.2.0.dylib; sourceTree = "<absolute>"; };
		81F91E791E9B47D50092E868 /* libopencv_stitching.3.2.0.dylib */ = {isa = PBXFileReference; lastKnownFileType = "compiled.mach-o.dylib"; name = libopencv_stitching.3.2.0.dylib; path = /usr/local/lib/libopencv_stitching.3.2.0.dylib; sourceTree = "<absolute>"; };
		81F91E7A1E9B47D50092E868 /* libopencv_shape.3.2.0.dylib */ = {isa = PBXFileReference; lastKnownFileType = "compiled.mach-o.dylib"; name = libopencv_shape.3.2.0.dylib; path = /usr/local/lib/libopencv_shape.3.2.0.dylib; sourceTree = "<absolute>"; };
		81F91E7B1E9B47D50092E868 /* libopencv_shape.3.2.0.dylib */ = {isa = PBXFileReference; lastKnownFileType = "compiled.mach-o.dylib"; name = libopencv_shape.3.2.0.dylib; path = /usr/local/lib/libopencv_shape.3.2.0.dylib; sourceTree = "<absolute>"; };
		81F91E7C1E9B47D50092E868 /* libopencv_shape.3.2.0.dylib */ = {isa = PBXFileReference; lastKnownFileType = "compiled.mach-o.dylib"; name = libopencv_shape.3.2.0.dylib; path = /usr/local/lib/libopencv_shape.3.2.0.dylib; sourceTree = "<absolute>"; };
		81F91E7D1E9B47D50092E868 /* libopencv_photo.3.2.0.dylib */ = {isa = PBXFileReference; lastKnownFileType = "compiled.mach-o.dylib"; name = libopencv_photo.3.2.0.dylib; path = /usr/local/lib/libopencv_photo.3.2.0.dylib; sourceTree = "<absolute>"; };
		81F91E7E1E9B47D50092E868 /* libopencv_photo.3.2.0.dylib */ = {isa = PBXFileReference; lastKnownFileType = "compiled.mach-o.dylib"; name = libopencv_photo.3.2.0.dylib; path = /usr/local/lib/libopencv_photo.3.2.0.dylib; sourceTree = "<absolute>"; };
		81F91E7F1E9B47D50092E868 /* libopencv_photo.3.2.0.dylib */ = {isa = PBXFileReference; lastKnownFileType = "compiled.mach-o.dylib"; name = libopencv_photo.3.2.0.dylib; path = /usr/local/lib/libopencv_photo.3.2.0.dylib; sourceTree = "<absolute>"; };
		81F91E801E9B47D50092E868 /* libopencv_objdetect.3.2.0.dylib */ = {isa = PBXFileReference; lastKnownFileType = "compiled.mach-o.dylib"; name = libopencv_objdetect.3.2.0.dylib; path = /usr/local/lib/libopencv_objdetect.3.2.0.dylib; sourceTree = "<absolute>"; };
		81F91E811E9B47D50092E868 /* libopencv_objdetect.3.2.0.dylib */ = {isa = PBXFileReference; lastKnownFileType = "compiled.mach-o.dylib"; name = libopencv_objdetect.3.2.0.dylib; path = /usr/local/lib/libopencv_objdetect.3.2.0.dylib; sourceTree = "<absolute>"; };
		81F91E821E9B47D50092E868 /* libopencv_objdetect.3.2.0.dylib */ = {isa = PBXFileReference; lastKnownFileType = "compiled.mach-o.dylib"; name = libopencv_objdetect.3.2.0.dylib; path = /usr/local/lib/libopencv_objdetect.3.2.0.dylib; sourceTree = "<absolute>"; };
		81F91E831E9B47D50092E868 /* libopencv_ml.3.2.0.dylib */ = {isa = PBXFileReference; lastKnownFileType = "compiled.mach-o.dylib"; name = libopencv_ml.3.2.0.dylib; path = /usr/local/lib/libopencv_ml.3.2.0.dylib; sourceTree = "<absolute>"; };
		81F91E841E9B47D50092E868 /* libopencv_ml.3.2.0.dylib */ = {isa = PBXFileReference; lastKnownFileType = "compiled.mach-o.dylib"; name = libopencv_ml.3.2.0.dylib; path = /usr/local/lib/libopencv_ml.3.2.0.dylib; sourceTree = "<absolute>"; };
		81F91E851E9B47D50092E868 /* libopencv_ml.3.2.0.dylib */ = {isa = PBXFileReference; lastKnownFileType = "compiled.mach-o.dylib"; name = libopencv_ml.3.2.0.dylib; path = /usr/local/lib/libopencv_ml.3.2.0.dylib; sourceTree = "<absolute>"; };
		81F91E861E9B47D50092E868 /* libopencv_imgproc.3.2.0.dylib */ = {isa = PBXFileReference; lastKnownFileType = "compiled.mach-o.dylib"; name = libopencv_imgproc.3.2.0.dylib; path = /usr/local/lib/libopencv_imgproc.3.2.0.dylib; sourceTree = "<absolute>"; };
		81F91E871E9B47D50092E868 /* libopencv_imgproc.3.2.0.dylib */ = {isa = PBXFileReference; lastKnownFileType = "compiled.mach-o.dylib"; name = libopencv_imgproc.3.2.0.dylib; path = /usr/local/lib/libopencv_imgproc.3.2.0.dylib; sourceTree = "<absolute>"; };
		81F91E881E9B47D50092E868 /* libopencv_imgproc.3.2.0.dylib */ = {isa = PBXFileReference; lastKnownFileType = "compiled.mach-o.dylib"; name = libopencv_imgproc.3.2.0.dylib; path = /usr/local/lib/libopencv_imgproc.3.2.0.dylib; sourceTree = "<absolute>"; };
		81F91E891E9B47D50092E868 /* libopencv_imgcodecs.3.2.0.dylib */ = {isa = PBXFileReference; lastKnownFileType = "compiled.mach-o.dylib"; name = libopencv_imgcodecs.3.2.0.dylib; path = /usr/local/lib/libopencv_imgcodecs.3.2.0.dylib; sourceTree = "<absolute>"; };
		81F91E8A1E9B47D50092E868 /* libopencv_imgcodecs.3.2.0.dylib */ = {isa = PBXFileReference; lastKnownFileType = "compiled.mach-o.dylib"; name = libopencv_imgcodecs.3.2.0.dylib; path = /usr/local/lib/libopencv_imgcodecs.3.2.0.dylib; sourceTree = "<absolute>"; };
		81F91E8B1E9B47D50092E868 /* libopencv_imgcodecs.3.2.0.dylib */ = {isa = PBXFileReference; lastKnownFileType = "compiled.mach-o.dylib"; name = libopencv_imgcodecs.3.2.0.dylib; path = /usr/local/lib/libopencv_imgcodecs.3.2.0.dylib; sourceTree = "<absolute>"; };
		81F91E8C1E9B47D50092E868 /* libopencv_highgui.3.2.0.dylib */ = {isa = PBXFileReference; lastKnownFileType = "compiled.mach-o.dylib"; name = libopencv_highgui.3.2.0.dylib; path = /usr/local/lib/libopencv_highgui.3.2.0.dylib; sourceTree = "<absolute>"; };
		81F91E8D1E9B47D50092E868 /* libopencv_highgui.3.2.0.dylib */ = {isa = PBXFileReference; lastKnownFileType = "compiled.mach-o.dylib"; name = libopencv_highgui.3.2.0.dylib; path = /usr/local/lib/libopencv_highgui.3.2.0.dylib; sourceTree = "<absolute>"; };
		81F91E8E1E9B47D50092E868 /* libopencv_highgui.3.2.0.dylib */ = {isa = PBXFileReference; lastKnownFileType = "compiled.mach-o.dylib"; name = libopencv_highgui.3.2.0.dylib; path = /usr/local/lib/libopencv_highgui.3.2.0.dylib; sourceTree = "<absolute>"; };
		81F91E8F1E9B47D50092E868 /* libopencv_flann.3.2.0.dylib */ = {isa = PBXFileReference; lastKnownFileType = "compiled.mach-o.dylib"; name = libopencv_flann.3.2.0.dylib; path = /usr/local/lib/libopencv_flann.3.2.0.dylib; sourceTree = "<absolute>"; };
		81F91E901E9B47D50092E868 /* libopencv_flann.3.2.0.dylib */ = {isa = PBXFileReference; lastKnownFileType = "compiled.mach-o.dylib"; name = libopencv_flann.3.2.0.dylib; path = /usr/local/lib/libopencv_flann.3.2.0.dylib; sourceTree = "<absolute>"; };
		81F91E911E9B47D50092E868 /* libopencv_flann.3.2.0.dylib */ = {isa = PBXFileReference; lastKnownFileType = "compiled.mach-o.dylib"; name = libopencv_flann.3.2.0.dylib; path = /usr/local/lib/libopencv_flann.3.2.0.dylib; sourceTree = "<absolute>"; };
		81F91E921E9B47D50092E868 /* libopencv_features2d.3.2.0.dylib */ = {isa = PBXFileReference; lastKnownFileType = "compiled.mach-o.dylib"; name = libopencv_features2d.3.2.0.dylib; path = /usr/local/lib/libopencv_features2d.3.2.0.dylib; sourceTree = "<absolute>"; };
		81F91E931E9B47D50092E868 /* libopencv_features2d.3.2.0.dylib */ = {isa = PBXFileReference; lastKnownFileType = "compiled.mach-o.dylib"; name = libopencv_features2d.3.2.0.dylib; path = /usr/local/lib/libopencv_features2d.3.2.0.dylib; sourceTree = "<absolute>"; };
		81F91E941E9B47D50092E868 /* libopencv_features2d.3.2.0.dylib */ = {isa = PBXFileReference; lastKnownFileType = "compiled.mach-o.dylib"; name = libopencv_features2d.3.2.0.dylib; path = /usr/local/lib/libopencv_features2d.3.2.0.dylib; sourceTree = "<absolute>"; };
		81F91E951E9B47D50092E868 /* libopencv_core.3.2.0.dylib */ = {isa = PBXFileReference; lastKnownFileType = "compiled.mach-o.dylib"; name = libopencv_core.3.2.0.dylib; path = /usr/local/lib/libopencv_core.3.2.0.dylib; sourceTree = "<absolute>"; };
		81F91E961E9B47D50092E868 /* libopencv_core.3.2.0.dylib */ = {isa = PBXFileReference; lastKnownFileType = "compiled.mach-o.dylib"; name = libopencv_core.3.2.0.dylib; path = /usr/local/lib/libopencv_core.3.2.0.dylib; sourceTree = "<absolute>"; };
		81F91E971E9B47D50092E868 /* libopencv_core.3.2.0.dylib */ = {isa = PBXFileReference; lastKnownFileType = "compiled.mach-o.dylib"; name = libopencv_core.3.2.0.dylib; path = /usr/local/lib/libopencv_core.3.2.0.dylib; sourceTree = "<absolute>"; };
		81F91E981E9B47D50092E868 /* libopencv_calib3d.3.2.0.dylib */ = {isa = PBXFileReference; lastKnownFileType = "compiled.mach-o.dylib"; name = libopencv_calib3d.3.2.0.dylib; path = /usr/local/lib/libopencv_calib3d.3.2.0.dylib; sourceTree = "<absolute>"; };
		81F91E991E9B47D50092E868 /* libopencv_calib3d.3.2.0.dylib */ = {isa = PBXFileReference; lastKnownFileType = "compiled.mach-o.dylib"; name = libopencv_calib3d.3.2.0.dylib; path = /usr/local/lib/libopencv_calib3d.3.2.0.dylib; sourceTree = "<absolute>"; };
		81F91E9A1E9B47D50092E868 /* libopencv_calib3d.3.2.0.dylib */ = {isa = PBXFileReference; lastKnownFileType = "compiled.mach-o.dylib"; name = libopencv_calib3d.3.2.0.dylib; path = /usr/local/lib/libopencv_calib3d.3.2.0.dylib; sourceTree = "<absolute>"; };
/* End PBXFileReference section */

/* Begin PBXFrameworksBuildPhase section */
		81F91E5C1E9B47370092E868 /* Frameworks */ = {
			isa = PBXFrameworksBuildPhase;
			buildActionMask = 2147483647;
			files = (
				81F91EBC1E9B47D50092E868 /* libopencv_highgui.3.2.0.dylib in Frameworks */,
				81F91ECA1E9B47D50092E868 /* libopencv_calib3d.3.2.0.dylib in Frameworks */,
				81F91EA91E9B47D50092E868 /* libopencv_stitching.3.2.0.dylib in Frameworks */,
				81F91EB41E9B47D50092E868 /* libopencv_ml.3.2.0.dylib in Frameworks */,
				81F91EA11E9B47D50092E868 /* libopencv_video.3.2.0.dylib in Frameworks */,
				81F91EBE1E9B47D50092E868 /* libopencv_highgui.3.2.0.dylib in Frameworks */,
				81F91EA61E9B47D50092E868 /* libopencv_superres.3.2.0.dylib in Frameworks */,
				81F91EC41E9B47D50092E868 /* libopencv_features2d.3.2.0.dylib in Frameworks */,
				81F91EBF1E9B47D50092E868 /* libopencv_flann.3.2.0.dylib in Frameworks */,
				81F91EB01E9B47D50092E868 /* libopencv_objdetect.3.2.0.dylib in Frameworks */,
				81F91E9D1E9B47D50092E868 /* libopencv_videostab.3.2.0.dylib in Frameworks */,
				81F91EB81E9B47D50092E868 /* libopencv_imgproc.3.2.0.dylib in Frameworks */,
				81F91EA71E9B47D50092E868 /* libopencv_stitching.3.2.0.dylib in Frameworks */,
				81F91EC11E9B47D50092E868 /* libopencv_flann.3.2.0.dylib in Frameworks */,
				81F91EC81E9B47D50092E868 /* libopencv_calib3d.3.2.0.dylib in Frameworks */,
				81F91EC31E9B47D50092E868 /* libopencv_features2d.3.2.0.dylib in Frameworks */,
				81F91EAB1E9B47D50092E868 /* libopencv_shape.3.2.0.dylib in Frameworks */,
				81F91EA31E9B47D50092E868 /* libopencv_video.3.2.0.dylib in Frameworks */,
				81F91EAE1E9B47D50092E868 /* libopencv_photo.3.2.0.dylib in Frameworks */,
				81F91EC01E9B47D50092E868 /* libopencv_flann.3.2.0.dylib in Frameworks */,
				81F91E9F1E9B47D50092E868 /* libopencv_videoio.3.2.0.dylib in Frameworks */,
				81F91EA01E9B47D50092E868 /* libopencv_videoio.3.2.0.dylib in Frameworks */,
				81F91EA51E9B47D50092E868 /* libopencv_superres.3.2.0.dylib in Frameworks */,
				81F91EA21E9B47D50092E868 /* libopencv_video.3.2.0.dylib in Frameworks */,
				81F91EBA1E9B47D50092E868 /* libopencv_imgcodecs.3.2.0.dylib in Frameworks */,
				81F91E9C1E9B47D50092E868 /* libopencv_videostab.3.2.0.dylib in Frameworks */,
				81F91EB91E9B47D50092E868 /* libopencv_imgcodecs.3.2.0.dylib in Frameworks */,
				81F91E9E1E9B47D50092E868 /* libopencv_videoio.3.2.0.dylib in Frameworks */,
				81F91EB61E9B47D50092E868 /* libopencv_imgproc.3.2.0.dylib in Frameworks */,
				81F91E9B1E9B47D50092E868 /* libopencv_videostab.3.2.0.dylib in Frameworks */,
				81F91EB11E9B47D50092E868 /* libopencv_objdetect.3.2.0.dylib in Frameworks */,
				81F91EAC1E9B47D50092E868 /* libopencv_shape.3.2.0.dylib in Frameworks */,
				81F91EAF1E9B47D50092E868 /* libopencv_photo.3.2.0.dylib in Frameworks */,
				81F91EA81E9B47D50092E868 /* libopencv_stitching.3.2.0.dylib in Frameworks */,
				81F91EBB1E9B47D50092E868 /* libopencv_imgcodecs.3.2.0.dylib in Frameworks */,
				81F91EB51E9B47D50092E868 /* libopencv_ml.3.2.0.dylib in Frameworks */,
				81F91EB71E9B47D50092E868 /* libopencv_imgproc.3.2.0.dylib in Frameworks */,
				81F91EAA1E9B47D50092E868 /* libopencv_shape.3.2.0.dylib in Frameworks */,
				81F91EBD1E9B47D50092E868 /* libopencv_highgui.3.2.0.dylib in Frameworks */,
				81F91EC61E9B47D50092E868 /* libopencv_core.3.2.0.dylib in Frameworks */,
				81F91EC51E9B47D50092E868 /* libopencv_core.3.2.0.dylib in Frameworks */,
				81F91EC91E9B47D50092E868 /* libopencv_calib3d.3.2.0.dylib in Frameworks */,
				81F91EC71E9B47D50092E868 /* libopencv_core.3.2.0.dylib in Frameworks */,
				81F91EB21E9B47D50092E868 /* libopencv_objdetect.3.2.0.dylib in Frameworks */,
				81F91EAD1E9B47D50092E868 /* libopencv_photo.3.2.0.dylib in Frameworks */,
				81F91EA41E9B47D50092E868 /* libopencv_superres.3.2.0.dylib in Frameworks */,
				81F91EC21E9B47D50092E868 /* libopencv_features2d.3.2.0.dylib in Frameworks */,
				81F91EB31E9B47D50092E868 /* libopencv_ml.3.2.0.dylib in Frameworks */,
			);
			runOnlyForDeploymentPostprocessing = 0;
		};
/* End PBXFrameworksBuildPhase section */

/* Begin PBXGroup section */
		81F91E561E9B47370092E868 = {
			isa = PBXGroup;
			children = (
				81F91ECB1E9B47DF0092E868 /* cv_framewordk */,
				81F91E611E9B47370092E868 /* cv playgroud */,
				81F91E601E9B47370092E868 /* Products */,
			);
			sourceTree = "<group>";
		};
		81F91E601E9B47370092E868 /* Products */ = {
			isa = PBXGroup;
			children = (
				81F91E5F1E9B47370092E868 /* cv playgroud */,
			);
			name = Products;
			sourceTree = "<group>";
		};
		81F91E611E9B47370092E868 /* cv playgroud */ = {
			isa = PBXGroup;
			children = (
				81F91E621E9B47370092E868 /* main.cpp */,
			);
			path = "cv playgroud";
			sourceTree = "<group>";
		};
		81F91ECB1E9B47DF0092E868 /* cv_framewordk */ = {
			isa = PBXGroup;
			children = (
				81F91E7A1E9B47D50092E868 /* libopencv_shape.3.2.0.dylib */,
				81F91E7B1E9B47D50092E868 /* libopencv_shape.3.2.0.dylib */,
				81F91E7C1E9B47D50092E868 /* libopencv_shape.3.2.0.dylib */,
				81F91E7D1E9B47D50092E868 /* libopencv_photo.3.2.0.dylib */,
				81F91E7E1E9B47D50092E868 /* libopencv_photo.3.2.0.dylib */,
				81F91E7F1E9B47D50092E868 /* libopencv_photo.3.2.0.dylib */,
				81F91E801E9B47D50092E868 /* libopencv_objdetect.3.2.0.dylib */,
				81F91E811E9B47D50092E868 /* libopencv_objdetect.3.2.0.dylib */,
				81F91E821E9B47D50092E868 /* libopencv_objdetect.3.2.0.dylib */,
				81F91E831E9B47D50092E868 /* libopencv_ml.3.2.0.dylib */,
				81F91E841E9B47D50092E868 /* libopencv_ml.3.2.0.dylib */,
				81F91E851E9B47D50092E868 /* libopencv_ml.3.2.0.dylib */,
				81F91E861E9B47D50092E868 /* libopencv_imgproc.3.2.0.dylib */,
				81F91E871E9B47D50092E868 /* libopencv_imgproc.3.2.0.dylib */,
				81F91E881E9B47D50092E868 /* libopencv_imgproc.3.2.0.dylib */,
				81F91E891E9B47D50092E868 /* libopencv_imgcodecs.3.2.0.dylib */,
				81F91E8A1E9B47D50092E868 /* libopencv_imgcodecs.3.2.0.dylib */,
				81F91E8B1E9B47D50092E868 /* libopencv_imgcodecs.3.2.0.dylib */,
				81F91E8C1E9B47D50092E868 /* libopencv_highgui.3.2.0.dylib */,
				81F91E8D1E9B47D50092E868 /* libopencv_highgui.3.2.0.dylib */,
				81F91E8E1E9B47D50092E868 /* libopencv_highgui.3.2.0.dylib */,
				81F91E8F1E9B47D50092E868 /* libopencv_flann.3.2.0.dylib */,
				81F91E901E9B47D50092E868 /* libopencv_flann.3.2.0.dylib */,
				81F91E911E9B47D50092E868 /* libopencv_flann.3.2.0.dylib */,
				81F91E921E9B47D50092E868 /* libopencv_features2d.3.2.0.dylib */,
				81F91E931E9B47D50092E868 /* libopencv_features2d.3.2.0.dylib */,
				81F91E941E9B47D50092E868 /* libopencv_features2d.3.2.0.dylib */,
				81F91E951E9B47D50092E868 /* libopencv_core.3.2.0.dylib */,
				81F91E961E9B47D50092E868 /* libopencv_core.3.2.0.dylib */,
				81F91E971E9B47D50092E868 /* libopencv_core.3.2.0.dylib */,
				81F91E981E9B47D50092E868 /* libopencv_calib3d.3.2.0.dylib */,
				81F91E991E9B47D50092E868 /* libopencv_calib3d.3.2.0.dylib */,
				81F91E9A1E9B47D50092E868 /* libopencv_calib3d.3.2.0.dylib */,
				81F91E6D1E9B47D50092E868 /* libopencv_videostab.3.2.0.dylib */,
				81F91E6E1E9B47D50092E868 /* libopencv_videoio.3.2.0.dylib */,
				81F91E6F1E9B47D50092E868 /* libopencv_videoio.3.2.0.dylib */,
				81F91E701E9B47D50092E868 /* libopencv_videoio.3.2.0.dylib */,
				81F91E711E9B47D50092E868 /* libopencv_video.3.2.0.dylib */,
				81F91E721E9B47D50092E868 /* libopencv_video.3.2.0.dylib */,
				81F91E731E9B47D50092E868 /* libopencv_video.3.2.0.dylib */,
				81F91E741E9B47D50092E868 /* libopencv_superres.3.2.0.dylib */,
				81F91E751E9B47D50092E868 /* libopencv_superres.3.2.0.dylib */,
				81F91E761E9B47D50092E868 /* libopencv_superres.3.2.0.dylib */,
				81F91E771E9B47D50092E868 /* libopencv_stitching.3.2.0.dylib */,
				81F91E781E9B47D50092E868 /* libopencv_stitching.3.2.0.dylib */,
				81F91E791E9B47D50092E868 /* libopencv_stitching.3.2.0.dylib */,
				81F91E6C1E9B47D50092E868 /* libopencv_videostab.3.2.0.dylib */,
				81F91E6B1E9B47D50092E868 /* libopencv_videostab.3.2.0.dylib */,
			);
			name = cv_framewordk;
			sourceTree = "<group>";
		};
/* End PBXGroup section */

/* Begin PBXNativeTarget section */
		81F91E5E1E9B47370092E868 /* cv playgroud */ = {
			isa = PBXNativeTarget;
			buildConfigurationList = 81F91E661E9B47370092E868 /* Build configuration list for PBXNativeTarget "cv playgroud" */;
			buildPhases = (
				81F91E5B1E9B47370092E868 /* Sources */,
				81F91E5C1E9B47370092E868 /* Frameworks */,
				81F91E5D1E9B47370092E868 /* CopyFiles */,
			);
			buildRules = (
			);
			dependencies = (
			);
			name = "cv playgroud";
			productName = "cv playgroud";
			productReference = 81F91E5F1E9B47370092E868 /* cv playgroud */;
			productType = "com.apple.product-type.tool";
		};
/* End PBXNativeTarget section */

/* Begin PBXProject section */
		81F91E571E9B47370092E868 /* Project object */ = {
			isa = PBXProject;
			attributes = {
				LastUpgradeCheck = 0830;
				ORGANIZATIONNAME = Amaswz;
				TargetAttributes = {
					81F91E5E1E9B47370092E868 = {
						CreatedOnToolsVersion = 8.3.1;
						ProvisioningStyle = Automatic;
					};
				};
			};
			buildConfigurationList = 81F91E5A1E9B47370092E868 /* Build configuration list for PBXProject "cv playgroud" */;
			compatibilityVersion = "Xcode 3.2";
			developmentRegion = English;
			hasScannedForEncodings = 0;
			knownRegions = (
				en,
			);
			mainGroup = 81F91E561E9B47370092E868;
			productRefGroup = 81F91E601E9B47370092E868 /* Products */;
			projectDirPath = "";
			projectRoot = "";
			targets = (
				81F91E5E1E9B47370092E868 /* cv playgroud */,
			);
		};
/* End PBXProject section */

/* Begin PBXSourcesBuildPhase section */
		81F91E5B1E9B47370092E868 /* Sources */ = {
			isa = PBXSourcesBuildPhase;
			buildActionMask = 2147483647;
			files = (
				81F91E631E9B47370092E868 /* main.cpp in Sources */,
			);
			runOnlyForDeploymentPostprocessing = 0;
		};
/* End PBXSourcesBuildPhase section */

/* Begin XCBuildConfiguration section */
		81F91E641E9B47370092E868 /* Debug */ = {
			isa = XCBuildConfiguration;
			buildSettings = {
				ALWAYS_SEARCH_USER_PATHS = NO;
				CLANG_ANALYZER_NONNULL = YES;
				CLANG_ANALYZER_NUMBER_OBJECT_CONVERSION = YES_AGGRESSIVE;
				CLANG_CXX_LANGUAGE_STANDARD = "gnu++0x";
				CLANG_CXX_LIBRARY = "libc++";
				CLANG_ENABLE_MODULES = YES;
				CLANG_ENABLE_OBJC_ARC = YES;
				CLANG_WARN_BOOL_CONVERSION = YES;
				CLANG_WARN_CONSTANT_CONVERSION = YES;
				CLANG_WARN_DIRECT_OBJC_ISA_USAGE = YES_ERROR;
				CLANG_WARN_DOCUMENTATION_COMMENTS = YES;
				CLANG_WARN_EMPTY_BODY = YES;
				CLANG_WARN_ENUM_CONVERSION = YES;
				CLANG_WARN_INFINITE_RECURSION = YES;
				CLANG_WARN_INT_CONVERSION = YES;
				CLANG_WARN_OBJC_ROOT_CLASS = YES_ERROR;
				CLANG_WARN_SUSPICIOUS_MOVE = YES;
				CLANG_WARN_UNREACHABLE_CODE = YES;
				CLANG_WARN__DUPLICATE_METHOD_MATCH = YES;
				CODE_SIGN_IDENTITY = "-";
				COPY_PHASE_STRIP = NO;
				DEBUG_INFORMATION_FORMAT = dwarf;
				ENABLE_STRICT_OBJC_MSGSEND = YES;
				ENABLE_TESTABILITY = YES;
				GCC_C_LANGUAGE_STANDARD = gnu99;
				GCC_DYNAMIC_NO_PIC = NO;
				GCC_NO_COMMON_BLOCKS = YES;
				GCC_OPTIMIZATION_LEVEL = 0;
				GCC_PREPROCESSOR_DEFINITIONS = (
					"DEBUG=1",
					"$(inherited)",
				);
				GCC_WARN_64_TO_32_BIT_CONVERSION = YES;
				GCC_WARN_ABOUT_RETURN_TYPE = YES_ERROR;
				GCC_WARN_UNDECLARED_SELECTOR = YES;
				GCC_WARN_UNINITIALIZED_AUTOS = YES_AGGRESSIVE;
				GCC_WARN_UNUSED_FUNCTION = YES;
				GCC_WARN_UNUSED_VARIABLE = YES;
				MACOSX_DEPLOYMENT_TARGET = 10.12;
				MTL_ENABLE_DEBUG_INFO = YES;
				ONLY_ACTIVE_ARCH = YES;
				SDKROOT = macosx;
			};
			name = Debug;
		};
		81F91E651E9B47370092E868 /* Release */ = {
			isa = XCBuildConfiguration;
			buildSettings = {
				ALWAYS_SEARCH_USER_PATHS = NO;
				CLANG_ANALYZER_NONNULL = YES;
				CLANG_ANALYZER_NUMBER_OBJECT_CONVERSION = YES_AGGRESSIVE;
				CLANG_CXX_LANGUAGE_STANDARD = "gnu++0x";
				CLANG_CXX_LIBRARY = "libc++";
				CLANG_ENABLE_MODULES = YES;
				CLANG_ENABLE_OBJC_ARC = YES;
				CLANG_WARN_BOOL_CONVERSION = YES;
				CLANG_WARN_CONSTANT_CONVERSION = YES;
				CLANG_WARN_DIRECT_OBJC_ISA_USAGE = YES_ERROR;
				CLANG_WARN_DOCUMENTATION_COMMENTS = YES;
				CLANG_WARN_EMPTY_BODY = YES;
				CLANG_WARN_ENUM_CONVERSION = YES;
				CLANG_WARN_INFINITE_RECURSION = YES;
				CLANG_WARN_INT_CONVERSION = YES;
				CLANG_WARN_OBJC_ROOT_CLASS = YES_ERROR;
				CLANG_WARN_SUSPICIOUS_MOVE = YES;
				CLANG_WARN_UNREACHABLE_CODE = YES;
				CLANG_WARN__DUPLICATE_METHOD_MATCH = YES;
				CODE_SIGN_IDENTITY = "-";
				COPY_PHASE_STRIP = NO;
				DEBUG_INFORMATION_FORMAT = "dwarf-with-dsym";
				ENABLE_NS_ASSERTIONS = NO;
				ENABLE_STRICT_OBJC_MSGSEND = YES;
				GCC_C_LANGUAGE_STANDARD = gnu99;
				GCC_NO_COMMON_BLOCKS = YES;
				GCC_WARN_64_TO_32_BIT_CONVERSION = YES;
				GCC_WARN_ABOUT_RETURN_TYPE = YES_ERROR;
				GCC_WARN_UNDECLARED_SELECTOR = YES;
				GCC_WARN_UNINITIALIZED_AUTOS = YES_AGGRESSIVE;
				GCC_WARN_UNUSED_FUNCTION = YES;
				GCC_WARN_UNUSED_VARIABLE = YES;
				MACOSX_DEPLOYMENT_TARGET = 10.12;
				MTL_ENABLE_DEBUG_INFO = NO;
				SDKROOT = macosx;
			};
			name = Release;
		};
		81F91E671E9B47370092E868 /* Debug */ = {
			isa = XCBuildConfiguration;
			buildSettings = {
				PRODUCT_NAME = "$(TARGET_NAME)";
			};
			name = Debug;
		};
		81F91E681E9B47370092E868 /* Release */ = {
			isa = XCBuildConfiguration;
			buildSettings = {
				PRODUCT_NAME = "$(TARGET_NAME)";
			};
			name = Release;
		};
/* End XCBuildConfiguration section */

/* Begin XCConfigurationList section */
		81F91E5A1E9B47370092E868 /* Build configuration list for PBXProject "cv playgroud" */ = {
			isa = XCConfigurationList;
			buildConfigurations = (
				81F91E641E9B47370092E868 /* Debug */,
				81F91E651E9B47370092E868 /* Release */,
			);
			defaultConfigurationIsVisible = 0;
			defaultConfigurationName = Release;
		};
		81F91E661E9B47370092E868 /* Build configuration list for PBXNativeTarget "cv playgroud" */ = {
			isa = XCConfigurationList;
			buildConfigurations = (
				81F91E671E9B47370092E868 /* Debug */,
				81F91E681E9B47370092E868 /* Release */,
			);
			defaultConfigurationIsVisible = 0;
		};
/* End XCConfigurationList section */
	};
	rootObject = 81F91E571E9B47370092E868 /* Project object */;
}
